
Microsoft Visual Studio Solution File, Format Version 12.00
# Visual Studio Version 16
VisualStudioVersion = 16.0.31613.86
MinimumVisualStudioVersion = 10.0.40219.1
Project("{9A19103F-16F7-4668-BE54-9A1E7A4F7556}") = "Deneme1", "KampIntro\Deneme1.csproj", "{48256596-4AAD-454C-AA27-0D40AAC314E3}"
EndProject
Project("{9A19103F-16F7-4668-BE54-9A1E7A4F7556}") = "Loops", "Loops\Loops.csproj", "{7E1ABABF-6CE1-437C-8A46-5FBE6D6572EA}"
EndProject
Project("{9A19103F-16F7-4668-BE54-9A1E7A4F7556}") = "Deneme2", "ClassIntro\Deneme2.csproj", "{7E44E6C9-E7DE-44F9-9AAF-AA2B9253F07C}"
EndProject
Project("{9A19103F-16F7-4668-BE54-9A1E7A4F7556}") = "Rent-A-Car-Intro", "Rent-A-Car-Intro\Rent-A-Car-Intro.csproj", "{5D55E0C5-192A-438B-8DD0-79B0CAC76D02}"
EndProject
Project("{9A19103F-16F7-4668-BE54-9A1E7A4F7556}") = "Product-List", "Product-List\Product-List.csproj", "{21C4EA5E-5F6B-4CF0-A5F3-C1CA06D2D20B}"
EndProject
Project("{9A19103F-16F7-4668-BE54-9A1E7A4F7556}") = "Methods", "Methods\Methods.csproj", "{232AE28C-41F8-4BC2-9A22-2A9E82EAAA70}"
EndProject
Project("{9A19103F-16F7-4668-BE54-9A1E7A4F7556}") = "Math", "Math\Math.csproj", "{61ACE37C-DABD-44F0-A9DE-4EAF364E8D23}"
EndProject
Project("{9A19103F-16F7-4668-BE54-9A1E7A4F7556}") = "DegerVeReferansTipler", "DegerVeReferansTipler\DegerVeReferansTipler.csproj", "{36915A80-8518-4762-8FD3-69248DF4DAEE}"
EndProject
Project("{9A19103F-16F7-4668-BE54-9A1E7A4F7556}") = "OOP1", "OOP1\OOP1.csproj", "{BC70FD73-7065-413A-A533-E88AB48670E3}"
EndProject
Project("{9A19103F-16F7-4668-BE54-9A1E7A4F7556}") = "Collections", "Collections\Collections.csproj", "{759C1EF2-3BBF-4A1C-9ED1-BF74A6E28F9F}"
EndProject
Project("{9A19103F-16F7-4668-BE54-9A1E7A4F7556}") = "GenericsIntro", "GenericsIntro\GenericsIntro.csproj", "{FB26D9CC-2CAA-47BC-865D-B3D8927C6277}"
EndProject
Project("{9A19103F-16F7-4668-BE54-9A1E7A4F7556}") = "ReferansTypes_ValueTypes", "ReferansTypes_ValueTypes\ReferansTypes_ValueTypes.csproj", "{BDBBE43A-77ED-47D1-A409-1361C1A7FC9E}"
EndProject
Project("{9A19103F-16F7-4668-BE54-9A1E7A4F7556}") = "Constructors", "Constructors\Constructors.csproj", "{AC605462-9397-4EC0-B939-B652A7661D68}"
EndProject
Project("{9A19103F-16F7-4668-BE54-9A1E7A4F7556}") = "GenericsT", "GenericsT\GenericsT.csproj", "{49D923CD-05AB-48EE-B781-EF40093F53AF}"
EndProject
Project("{9A19103F-16F7-4668-BE54-9A1E7A4F7556}") = "OOP2", "OOP2\OOP2.csproj", "{96DCBBF1-FE60-4C28-8570-905AE84644A3}"
EndProject
Project("{9A19103F-16F7-4668-BE54-9A1E7A4F7556}") = "OOP3", "OOP3\OOP3.csproj", "{75AE6AA4-AF74-4FA5-A2E6-86445FA65CEA}"
EndProject
Project("{FAE04EC0-301F-11D3-BF4B-00C04F79EFBC}") = "RecapDemo_WinForm", "RecapDemo_WinForm\RecapDemo_WinForm.csproj", "{C74D2E92-D134-409C-877C-AD78504ACFC3}"
EndProject
Project("{9A19103F-16F7-4668-BE54-9A1E7A4F7556}") = "Interfaces", "Interfaces\Interfaces.csproj", "{C474F036-1114-4360-9EAF-3D1A225A4711}"
EndProject
Project("{9A19103F-16F7-4668-BE54-9A1E7A4F7556}") = "Interfaces2", "Interfaces2\Interfaces2.csproj", "{1D5F18DF-3C79-4A24-B8B1-647E1759EEA0}"
EndProject
Project("{9A19103F-16F7-4668-BE54-9A1E7A4F7556}") = "HackerRankExample", "HackerRankExample\HackerRankExample.csproj", "{AD81728F-C83A-48AE-AC84-EAC8DCCA9E99}"
EndProject
Project("{9A19103F-16F7-4668-BE54-9A1E7A4F7556}") = "ReferanceTypes2", "ReferanceTypes2\ReferanceTypes2.csproj", "{AF4C77C2-9DB7-40C6-8B59-DCB7A38C0C05}"
EndProject
Project("{FAE04EC0-301F-11D3-BF4B-00C04F79EFBC}") = "LinqProject", "LinqProject\LinqProject.csproj", "{E82D16F2-B70D-467E-8B1E-F899170D8138}"
EndProject
Global
	GlobalSection(SolutionConfigurationPlatforms) = preSolution
		Debug|Any CPU = Debug|Any CPU
		Release|Any CPU = Release|Any CPU
	EndGlobalSection
	GlobalSection(ProjectConfigurationPlatforms) = postSolution
		{48256596-4AAD-454C-AA27-0D40AAC314E3}.Debug|Any CPU.ActiveCfg = Debug|Any CPU
		{48256596-4AAD-454C-AA27-0D40AAC314E3}.Debug|Any CPU.Build.0 = Debug|Any CPU
		{48256596-4AAD-454C-AA27-0D40AAC314E3}.Release|Any CPU.ActiveCfg = Release|Any CPU
		{48256596-4AAD-454C-AA27-0D40AAC314E3}.Release|Any CPU.Build.0 = Release|Any CPU
		{7E1ABABF-6CE1-437C-8A46-5FBE6D6572EA}.Debug|Any CPU.ActiveCfg = Debug|Any CPU
		{7E1ABABF-6CE1-437C-8A46-5FBE6D6572EA}.Debug|Any CPU.Build.0 = Debug|Any CPU
		{7E1ABABF-6CE1-437C-8A46-5FBE6D6572EA}.Release|Any CPU.ActiveCfg = Release|Any CPU
		{7E1ABABF-6CE1-437C-8A46-5FBE6D6572EA}.Release|Any CPU.Build.0 = Release|Any CPU
		{7E44E6C9-E7DE-44F9-9AAF-AA2B9253F07C}.Debug|Any CPU.ActiveCfg = Debug|Any CPU
		{7E44E6C9-E7DE-44F9-9AAF-AA2B9253F07C}.Debug|Any CPU.Build.0 = Debug|Any CPU
		{7E44E6C9-E7DE-44F9-9AAF-AA2B9253F07C}.Release|Any CPU.ActiveCfg = Release|Any CPU
		{7E44E6C9-E7DE-44F9-9AAF-AA2B9253F07C}.Release|Any CPU.Build.0 = Release|Any CPU
		{5D55E0C5-192A-438B-8DD0-79B0CAC76D02}.Debug|Any CPU.ActiveCfg = Debug|Any CPU
		{5D55E0C5-192A-438B-8DD0-79B0CAC76D02}.Debug|Any CPU.Build.0 = Debug|Any CPU
		{5D55E0C5-192A-438B-8DD0-79B0CAC76D02}.Release|Any CPU.ActiveCfg = Release|Any CPU
		{5D55E0C5-192A-438B-8DD0-79B0CAC76D02}.Release|Any CPU.Build.0 = Release|Any CPU
		{21C4EA5E-5F6B-4CF0-A5F3-C1CA06D2D20B}.Debug|Any CPU.ActiveCfg = Debug|Any CPU
		{21C4EA5E-5F6B-4CF0-A5F3-C1CA06D2D20B}.Debug|Any CPU.Build.0 = Debug|Any CPU
		{21C4EA5E-5F6B-4CF0-A5F3-C1CA06D2D20B}.Release|Any CPU.ActiveCfg = Release|Any CPU
		{21C4EA5E-5F6B-4CF0-A5F3-C1CA06D2D20B}.Release|Any CPU.Build.0 = Release|Any CPU
		{232AE28C-41F8-4BC2-9A22-2A9E82EAAA70}.Debug|Any CPU.ActiveCfg = Debug|Any CPU
		{232AE28C-41F8-4BC2-9A22-2A9E82EAAA70}.Debug|Any CPU.Build.0 = Debug|Any CPU
		{232AE28C-41F8-4BC2-9A22-2A9E82EAAA70}.Release|Any CPU.ActiveCfg = Release|Any CPU
		{232AE28C-41F8-4BC2-9A22-2A9E82EAAA70}.Release|Any CPU.Build.0 = Release|Any CPU
		{61ACE37C-DABD-44F0-A9DE-4EAF364E8D23}.Debug|Any CPU.ActiveCfg = Debug|Any CPU
		{61ACE37C-DABD-44F0-A9DE-4EAF364E8D23}.Debug|Any CPU.Build.0 = Debug|Any CPU
		{61ACE37C-DABD-44F0-A9DE-4EAF364E8D23}.Release|Any CPU.ActiveCfg = Release|Any CPU
		{61ACE37C-DABD-44F0-A9DE-4EAF364E8D23}.Release|Any CPU.Build.0 = Release|Any CPU
		{36915A80-8518-4762-8FD3-69248DF4DAEE}.Debug|Any CPU.ActiveCfg = Debug|Any CPU
		{36915A80-8518-4762-8FD3-69248DF4DAEE}.Debug|Any CPU.Build.0 = Debug|Any CPU
		{36915A80-8518-4762-8FD3-69248DF4DAEE}.Release|Any CPU.ActiveCfg = Release|Any CPU
		{36915A80-8518-4762-8FD3-69248DF4DAEE}.Release|Any CPU.Build.0 = Release|Any CPU
		{BC70FD73-7065-413A-A533-E88AB48670E3}.Debug|Any CPU.ActiveCfg = Debug|Any CPU
		{BC70FD73-7065-413A-A533-E88AB48670E3}.Debug|Any CPU.Build.0 = Debug|Any CPU
		{BC70FD73-7065-413A-A533-E88AB48670E3}.Release|Any CPU.ActiveCfg = Release|Any CPU
		{BC70FD73-7065-413A-A533-E88AB48670E3}.Release|Any CPU.Build.0 = Release|Any CPU
		{759C1EF2-3BBF-4A1C-9ED1-BF74A6E28F9F}.Debug|Any CPU.ActiveCfg = Debug|Any CPU
		{759C1EF2-3BBF-4A1C-9ED1-BF74A6E28F9F}.Debug|Any CPU.Build.0 = Debug|Any CPU
		{759C1EF2-3BBF-4A1C-9ED1-BF74A6E28F9F}.Release|Any CPU.ActiveCfg = Release|Any CPU
		{759C1EF2-3BBF-4A1C-9ED1-BF74A6E28F9F}.Release|Any CPU.Build.0 = Release|Any CPU
		{FB26D9CC-2CAA-47BC-865D-B3D8927C6277}.Debug|Any CPU.ActiveCfg = Debug|Any CPU
		{FB26D9CC-2CAA-47BC-865D-B3D8927C6277}.Debug|Any CPU.Build.0 = Debug|Any CPU
		{FB26D9CC-2CAA-47BC-865D-B3D8927C6277}.Release|Any CPU.ActiveCfg = Release|Any CPU
		{FB26D9CC-2CAA-47BC-865D-B3D8927C6277}.Release|Any CPU.Build.0 = Release|Any CPU
		{BDBBE43A-77ED-47D1-A409-1361C1A7FC9E}.Debug|Any CPU.ActiveCfg = Debug|Any CPU
		{BDBBE43A-77ED-47D1-A409-1361C1A7FC9E}.Debug|Any CPU.Build.0 = Debug|Any CPU
		{BDBBE43A-77ED-47D1-A409-1361C1A7FC9E}.Release|Any CPU.ActiveCfg = Release|Any CPU
		{BDBBE43A-77ED-47D1-A409-1361C1A7FC9E}.Release|Any CPU.Build.0 = Release|Any CPU
		{AC605462-9397-4EC0-B939-B652A7661D68}.Debug|Any CPU.ActiveCfg = Debug|Any CPU
		{AC605462-9397-4EC0-B939-B652A7661D68}.Debug|Any CPU.Build.0 = Debug|Any CPU
		{AC605462-9397-4EC0-B939-B652A7661D68}.Release|Any CPU.ActiveCfg = Release|Any CPU
		{AC605462-9397-4EC0-B939-B652A7661D68}.Release|Any CPU.Build.0 = Release|Any CPU
		{49D923CD-05AB-48EE-B781-EF40093F53AF}.Debug|Any CPU.ActiveCfg = Debug|Any CPU
		{49D923CD-05AB-48EE-B781-EF40093F53AF}.Debug|Any CPU.Build.0 = Debug|Any CPU
		{49D923CD-05AB-48EE-B781-EF40093F53AF}.Release|Any CPU.ActiveCfg = Release|Any CPU
		{49D923CD-05AB-48EE-B781-EF40093F53AF}.Release|Any CPU.Build.0 = Release|Any CPU
		{96DCBBF1-FE60-4C28-8570-905AE84644A3}.Debug|Any CPU.ActiveCfg = Debug|Any CPU
		{96DCBBF1-FE60-4C28-8570-905AE84644A3}.Debug|Any CPU.Build.0 = Debug|Any CPU
		{96DCBBF1-FE60-4C28-8570-905AE84644A3}.Release|Any CPU.ActiveCfg = Release|Any CPU
		{96DCBBF1-FE60-4C28-8570-905AE84644A3}.Release|Any CPU.Build.0 = Release|Any CPU
		{75AE6AA4-AF74-4FA5-A2E6-86445FA65CEA}.Debug|Any CPU.ActiveCfg = Debug|Any CPU
		{75AE6AA4-AF74-4FA5-A2E6-86445FA65CEA}.Debug|Any CPU.Build.0 = Debug|Any CPU
		{75AE6AA4-AF74-4FA5-A2E6-86445FA65CEA}.Release|Any CPU.ActiveCfg = Release|Any CPU
		{75AE6AA4-AF74-4FA5-A2E6-86445FA65CEA}.Release|Any CPU.Build.0 = Release|Any CPU
		{C74D2E92-D134-409C-877C-AD78504ACFC3}.Debug|Any CPU.ActiveCfg = Debug|Any CPU
		{C74D2E92-D134-409C-877C-AD78504ACFC3}.Debug|Any CPU.Build.0 = Debug|Any CPU
		{C74D2E92-D134-409C-877C-AD78504ACFC3}.Release|Any CPU.ActiveCfg = Release|Any CPU
		{C74D2E92-D134-409C-877C-AD78504ACFC3}.Release|Any CPU.Build.0 = Release|Any CPU
		{C474F036-1114-4360-9EAF-3D1A225A4711}.Debug|Any CPU.ActiveCfg = Debug|Any CPU
		{C474F036-1114-4360-9EAF-3D1A225A4711}.Debug|Any CPU.Build.0 = Debug|Any CPU
		{C474F036-1114-4360-9EAF-3D1A225A4711}.Release|Any CPU.ActiveCfg = Release|Any CPU
		{C474F036-1114-4360-9EAF-3D1A225A4711}.Release|Any CPU.Build.0 = Release|Any CPU
		{1D5F18DF-3C79-4A24-B8B1-647E1759EEA0}.Debug|Any CPU.ActiveCfg = Debug|Any CPU
		{1D5F18DF-3C79-4A24-B8B1-647E1759EEA0}.Debug|Any CPU.Build.0 = Debug|Any CPU
		{1D5F18DF-3C79-4A24-B8B1-647E1759EEA0}.Release|Any CPU.ActiveCfg = Release|Any CPU
		{1D5F18DF-3C79-4A24-B8B1-647E1759EEA0}.Release|Any CPU.Build.0 = Release|Any CPU
		{AD81728F-C83A-48AE-AC84-EAC8DCCA9E99}.Debug|Any CPU.ActiveCfg = Debug|Any CPU
		{AD81728F-C83A-48AE-AC84-EAC8DCCA9E99}.Debug|Any CPU.Build.0 = Debug|Any CPU
		{AD81728F-C83A-48AE-AC84-EAC8DCCA9E99}.Release|Any CPU.ActiveCfg = Release|Any CPU
		{AD81728F-C83A-48AE-AC84-EAC8DCCA9E99}.Release|Any CPU.Build.0 = Release|Any CPU
		{AF4C77C2-9DB7-40C6-8B59-DCB7A38C0C05}.Debug|Any CPU.ActiveCfg = Debug|Any CPU
		{AF4C77C2-9DB7-40C6-8B59-DCB7A38C0C05}.Debug|Any CPU.Build.0 = Debug|Any CPU
		{AF4C77C2-9DB7-40C6-8B59-DCB7A38C0C05}.Release|Any CPU.ActiveCfg = Release|Any CPU
		{AF4C77C2-9DB7-40C6-8B59-DCB7A38C0C05}.Release|Any CPU.Build.0 = Release|Any CPU
		{E82D16F2-B70D-467E-8B1E-F899170D8138}.Debug|Any CPU.ActiveCfg = Debug|Any CPU
		{E82D16F2-B70D-467E-8B1E-F899170D8138}.Debug|Any CPU.Build.0 = Debug|Any CPU
		{E82D16F2-B70D-467E-8B1E-F899170D8138}.Release|Any CPU.ActiveCfg = Release|Any CPU
		{E82D16F2-B70D-467E-8B1E-F899170D8138}.Release|Any CPU.Build.0 = Release|Any CPU
	EndGlobalSection
	GlobalSection(SolutionProperties) = preSolution
		HideSolutionNode = FALSE
	EndGlobalSection
	GlobalSection(ExtensibilityGlobals) = postSolution
		SolutionGuid = {E9FFF9A0-269F-47ED-992C-B64589704ECA}
	EndGlobalSection
EndGlobal
